{
    "name": "app",
    "version": "1.0.0",
    "lockfileVersion": 1,
    "requires": true,
    "dependencies": {
        "array-uniq": {
            "version": "1.0.2",
            "resolved": "https://registry.npmjs.org/array-uniq/-/array-uniq-1.0.2.tgz",
            "integrity": "sha1-X8w3OSB3VyPP1k1lxkvvU7+eum0=",
            "dev": true
        },
        "chance": {
            "version": "1.1.8",
            "resolved": "https://registry.npmjs.org/chance/-/chance-1.1.8.tgz",
            "integrity": "sha512-v7fi5Hj2VbR6dJEGRWLmJBA83LJMS47pkAbmROFxHWd9qmE1esHRZW8Clf1Fhzr3rjxnNZVCjOEv/ivFxeIMtg==",
            "dev": true
        },
        "randombytes": {
            "version": "2.0.3",
            "resolved": "https://registry.npmjs.org/randombytes/-/randombytes-2.0.3.tgz",
            "integrity": "sha1-Z0yZdgkBw8QRJ3GjHlIdw0nMCew=",
            "dev": true
        },
        "randomstring": {
            "version": "1.2.1",
            "resolved": "https://registry.npmjs.org/randomstring/-/randomstring-1.2.1.tgz",
            "integrity": "sha512-eMnfell9XuU3jfCx3f4xCaFAt0YMFPZhx9R3PSStmLarDKg5j5vivqKhf/8pvG+VX/YkxsckHK/VPUrKa5V07A==",
            "dev": true,
            "requires": {
                "array-uniq": "1.0.2",
                "randombytes": "2.0.3"
            }
        }
    }
}
